{
    "_meta": {
        "hash": {
            "sha256": "5fb32bf409c64690bc36dd6766d0c97c4d5d94b817c499faf927e69a862fc3f9"
        },
        "pipfile-spec": 6,
        "requires": {
            "python_version": "3.9"
        },
        "sources": [
            {
                "name": "pypi",
                "url": "https://pypi.org/simple",
                "verify_ssl": true
            }
        ]
    },
    "default": {
        "django": {
            "hashes": [
                "sha256:148a4a2d1a85b23883b0a4e99ab7718f518a83675e4485e44dc0c1d36988c5fa",
                "sha256:deb70aa038e59b58593673b15e9a711d1e5ccd941b5973b30750d5d026abfd56"
            ],
            "index": "pypi",
            "version": "==2.2.5"
        },
        "djangorestframework": {
            "hashes": [
                "sha256:0209bafcb7b5010fdfec784034f059d512256424de2a0f084cb82b096d6dd6a7",
                "sha256:0898182b4737a7b584a2c73735d89816343369f259fea932d90dc78e35d8ac33"
            ],
            "index": "pypi",
            "version": "==3.12.2"
        },
        "mysql-client": {
            "hashes": [
                "sha256:9e378295e1a565133d4e392ad7e0104a57fcbaf06a1ac9799af8596fa5293cb3",
                "sha256:b1d4e29bdb027d6279536b56cf4798270588c02e8f0e57696e4a87f2d16449e4"
            ],
            "index": "pypi",
            "version": "==0.0.1"
        },
        "mysqlclient": {
            "hashes": [
                "sha256:1a8da3c4d5271dfb8505c8916992f3b7c644d836f7a9892f8b06fadda3f6786e",
                "sha256:44f8e634b4a6b7c5126387943c203a9210d5fa3f3fa336f28ea22745ed006961",
                "sha256:efeaacd04feea7d44fef2a5adf4df335b438458f8b89144307dc5a90025761a5"
            ],
            "index": "pypi",
            "version": "==1.4.0"
        },
        "pymysql": {
            "hashes": [
                "sha256:41fc3a0c5013d5f039639442321185532e3e2c8924687abe6537de157d403641",
                "sha256:816927a350f38d56072aeca5dfb10221fe1dc653745853d30a216637f5d7ad36"
            ],
            "index": "pypi",
            "version": "==1.0.2"
        },
        "pytz": {
            "hashes": [
                "sha256:83a4a90894bf38e243cf052c8b58f381bfe9a7a483f6a9cab140bc7f702ac4da",
                "sha256:eb10ce3e7736052ed3623d49975ce333bcd712c7bb19a58b9e2089d4057d0798"
            ],
            "version": "==2021.1"
        },
        "sqlparse": {
            "hashes": [
                "sha256:017cde379adbd6a1f15a61873f43e8274179378e95ef3fede90b5aa64d304ed0",
                "sha256:0f91fd2e829c44362cbcfab3e9ae12e22badaa8a29ad5ff599f9ec109f0454e8"
            ],
            "markers": "python_version >= '3.5'",
            "version": "==0.4.1"
        }
    },
    "develop": {}
}
